<?xml version="1.0" encoding="UTF-8" standalone="yes" ?>
<CodeBlocks_project_file>
	<FileVersion major="1" minor="6" />
	<Project>
		<Option title="V8Embedder" />
		<Option pch_mode="2" />
		<Option compiler="gcc" />
		<Build>
			<Target title="Debug Win32">
				<Option output="V8Embedder" prefix_auto="1" extension_auto="1" />
				<Option object_output="Debug Win32" />
				<Option type="1" />
				<Option compiler="gcc" />
				<Compiler>
					<Add option="-DWIN32" />
					<Add option="-D_DEBUG" />
					<Add option="-D_CONSOLE" />
					<Add option="-W" />
					<Add option="-g" />
					<Add option="-O0" />
				</Compiler>
				<Linker>
					<Add library="$(SolutionDir)\V8src\v8\v8" />
					<Add library="wsock32" />
					<Add library="WS2_32" />
					<Add library="winmm" />
					<Add library="$(SolutionDir)\pdcurses\pdcurses" />
				</Linker>
			</Target>
			<Target title="Release Win32">
				<Option output="$(SolutionDir)Release Win32/WTF" prefix_auto="1" extension_auto="1" />
				<Option object_output="Release Win32" />
				<Option type="1" />
				<Option compiler="gcc" />
				<Compiler>
					<Add option="-DWIN32" />
					<Add option="-DNDEBUG" />
					<Add option="-D_CONSOLE" />
					<Add option="-D_CRT_SECURE_NO_WARNINGS" />
					<Add option="-W" />
					<Add option="-O2" />
				</Compiler>
				<Linker>
					<Add library="$(SolutionDir)\V8src\v8\tools\visual_studio\Release\lib\v8" />
					<Add library="wsock32" />
					<Add library="WS2_32" />
					<Add library="winmm" />
					<Add library="$(SolutionDir)\pdcurses\pdcurses" />
					<Add library="$(SolutionDir)\pdcurses\SDL" />
					<Add library="$(SolutionDir)\pdcurses\SDLmain" />
				</Linker>
			</Target>
		</Build>
		<Unit filename="easyzlib.c">
			<Option compilerVar="CC" />
		</Unit>
		<Unit filename="ExposeCurses.cpp" />
		<Unit filename="V8Embedder.cpp" />
		<Unit filename="../pdcurses/curses.h" />
		<Unit filename="easyzlib.h" />
		<Unit filename="ExposeCurses.h" />
		<Unit filename="../pdcurses/panel.h" />
		<Unit filename="SDL.h" />
		<Unit filename="../V8src/v8/include/v8.h" />
		<Extensions>
			<code_completion />
			<debugger />
		</Extensions>
	</Project>
</CodeBlocks_project_file>
